// !$*UTF8*$!
{
	archiveVersion = 1;
	classes = {
	};
	objectVersion = 50;
	objects = {

/* Begin PBXBuildFile section */
		1601759B21DA93A100015B4A /* AppDelegate.swift in Sources */ = {isa = PBXBuildFile; fileRef = 1601759A21DA93A100015B4A /* AppDelegate.swift */; };
		1601759D21DA93A100015B4A /* ViewController.swift in Sources */ = {isa = PBXBuildFile; fileRef = 1601759C21DA93A100015B4A /* ViewController.swift */; };
		160175A021DA93A100015B4A /* Main.storyboard in Resources */ = {isa = PBXBuildFile; fileRef = 1601759E21DA93A100015B4A /* Main.storyboard */; };
		160175A221DA93A300015B4A /* Assets.xcassets in Resources */ = {isa = PBXBuildFile; fileRef = 160175A121DA93A300015B4A /* Assets.xcassets */; };
		160175A521DA93A300015B4A /* LaunchScreen.storyboard in Resources */ = {isa = PBXBuildFile; fileRef = 160175A321DA93A300015B4A /* LaunchScreen.storyboard */; };
		160175AD21DA99E800015B4A /* CategoryCell.swift in Sources */ = {isa = PBXBuildFile; fileRef = 160175AC21DA99E800015B4A /* CategoryCell.swift */; };
		1644C46221DAC45600E9DE65 /* VideoViewController.swift in Sources */ = {isa = PBXBuildFile; fileRef = 1644C46121DAC45600E9DE65 /* VideoViewController.swift */; };
		1644C46421DAC5E000E9DE65 /* VideoCell.swift in Sources */ = {isa = PBXBuildFile; fileRef = 1644C46321DAC5E000E9DE65 /* VideoCell.swift */; };
		165AA4E121E00201003681F7 /* Video.swift in Sources */ = {isa = PBXBuildFile; fileRef = 165AA4E021E00201003681F7 /* Video.swift */; };
		165AA4E421E04E6A003681F7 /* KeyboardService.swift in Sources */ = {isa = PBXBuildFile; fileRef = 165AA4E321E04E6A003681F7 /* KeyboardService.swift */; };
		1699CCA821DD8C2A00E2E194 /* .gitignore in Resources */ = {isa = PBXBuildFile; fileRef = 1699CCA721DD8C2900E2E194 /* .gitignore */; };
		1699CCAB21DD961B00E2E194 /* Extensions.swift in Sources */ = {isa = PBXBuildFile; fileRef = 1699CCAA21DD961B00E2E194 /* Extensions.swift */; };
		1699CCAD21DD984300E2E194 /* VideoCategoryFilterListView.swift in Sources */ = {isa = PBXBuildFile; fileRef = 1699CCAC21DD984300E2E194 /* VideoCategoryFilterListView.swift */; };
		1699CCAF21DDB76E00E2E194 /* LoginView.swift in Sources */ = {isa = PBXBuildFile; fileRef = 1699CCAE21DDB76E00E2E194 /* LoginView.swift */; };
		1699CCB221DDFEB200E2E194 /* MDNSBrowser.swift in Sources */ = {isa = PBXBuildFile; fileRef = 1699CCB021DDFEB200E2E194 /* MDNSBrowser.swift */; };
		1699CCB321DDFEB200E2E194 /* MDNSService.swift in Sources */ = {isa = PBXBuildFile; fileRef = 1699CCB121DDFEB200E2E194 /* MDNSService.swift */; };
/* End PBXBuildFile section */

/* Begin PBXFileReference section */
		1601759721DA93A100015B4A /* reflect-demo.app */ = {isa = PBXFileReference; explicitFileType = wrapper.application; includeInIndex = 0; path = "reflect-demo.app"; sourceTree = BUILT_PRODUCTS_DIR; };
		1601759A21DA93A100015B4A /* AppDelegate.swift */ = {isa = PBXFileReference; lastKnownFileType = sourcecode.swift; path = AppDelegate.swift; sourceTree = "<group>"; };
		1601759C21DA93A100015B4A /* ViewController.swift */ = {isa = PBXFileReference; lastKnownFileType = sourcecode.swift; path = ViewController.swift; sourceTree = "<group>"; };
		1601759F21DA93A100015B4A /* Base */ = {isa = PBXFileReference; lastKnownFileType = file.storyboard; name = Base; path = Base.lproj/Main.storyboard; sourceTree = "<group>"; };
		160175A121DA93A300015B4A /* Assets.xcassets */ = {isa = PBXFileReference; lastKnownFileType = folder.assetcatalog; path = Assets.xcassets; sourceTree = "<group>"; };
		160175A421DA93A300015B4A /* Base */ = {isa = PBXFileReference; lastKnownFileType = file.storyboard; name = Base; path = Base.lproj/LaunchScreen.storyboard; sourceTree = "<group>"; };
		160175A621DA93A300015B4A /* Info.plist */ = {isa = PBXFileReference; lastKnownFileType = text.plist.xml; path = Info.plist; sourceTree = "<group>"; };
		160175AC21DA99E800015B4A /* CategoryCell.swift */ = {isa = PBXFileReference; lastKnownFileType = sourcecode.swift; path = CategoryCell.swift; sourceTree = "<group>"; };
		1644C46121DAC45600E9DE65 /* VideoViewController.swift */ = {isa = PBXFileReference; lastKnownFileType = sourcecode.swift; path = VideoViewController.swift; sourceTree = "<group>"; };
		1644C46321DAC5E000E9DE65 /* VideoCell.swift */ = {isa = PBXFileReference; lastKnownFileType = sourcecode.swift; path = VideoCell.swift; sourceTree = "<group>"; };
		165AA4E021E00201003681F7 /* Video.swift */ = {isa = PBXFileReference; lastKnownFileType = sourcecode.swift; path = Video.swift; sourceTree = "<group>"; };
		165AA4E321E04E6A003681F7 /* KeyboardService.swift */ = {isa = PBXFileReference; lastKnownFileType = sourcecode.swift; path = KeyboardService.swift; sourceTree = "<group>"; };
		1699CCA721DD8C2900E2E194 /* .gitignore */ = {isa = PBXFileReference; fileEncoding = 4; lastKnownFileType = text; path = .gitignore; sourceTree = "<group>"; };
		1699CCAA21DD961B00E2E194 /* Extensions.swift */ = {isa = PBXFileReference; lastKnownFileType = sourcecode.swift; path = Extensions.swift; sourceTree = "<group>"; };
		1699CCAC21DD984300E2E194 /* VideoCategoryFilterListView.swift */ = {isa = PBXFileReference; lastKnownFileType = sourcecode.swift; path = VideoCategoryFilterListView.swift; sourceTree = "<group>"; };
		1699CCAE21DDB76E00E2E194 /* LoginView.swift */ = {isa = PBXFileReference; lastKnownFileType = sourcecode.swift; path = LoginView.swift; sourceTree = "<group>"; };
		1699CCB021DDFEB200E2E194 /* MDNSBrowser.swift */ = {isa = PBXFileReference; fileEncoding = 4; lastKnownFileType = sourcecode.swift; path = MDNSBrowser.swift; sourceTree = "<group>"; };
		1699CCB121DDFEB200E2E194 /* MDNSService.swift */ = {isa = PBXFileReference; fileEncoding = 4; lastKnownFileType = sourcecode.swift; path = MDNSService.swift; sourceTree = "<group>"; };
/* End PBXFileReference section */

/* Begin PBXFrameworksBuildPhase section */
		1601759421DA93A100015B4A /* Frameworks */ = {
			isa = PBXFrameworksBuildPhase;
			buildActionMask = 2147483647;
			files = (
			);
			runOnlyForDeploymentPostprocessing = 0;
		};
/* End PBXFrameworksBuildPhase section */

/* Begin PBXGroup section */
		1601758E21DA93A100015B4A = {
			isa = PBXGroup;
			children = (
				1601759921DA93A100015B4A /* reflect-demo */,
				1601759821DA93A100015B4A /* Products */,
			);
			sourceTree = "<group>";
		};
		1601759821DA93A100015B4A /* Products */ = {
			isa = PBXGroup;
			children = (
				1601759721DA93A100015B4A /* reflect-demo.app */,
			);
			name = Products;
			sourceTree = "<group>";
		};
		1601759921DA93A100015B4A /* reflect-demo */ = {
			isa = PBXGroup;
			children = (
				1699CCB421DDFEC400E2E194 /* MDNS */,
				1699CCB521DDFEF000E2E194 /* Cells */,
				1601759A21DA93A100015B4A /* AppDelegate.swift */,
				1601759C21DA93A100015B4A /* ViewController.swift */,
				165AA4E321E04E6A003681F7 /* KeyboardService.swift */,
				165AA4E021E00201003681F7 /* Video.swift */,
				1644C46121DAC45600E9DE65 /* VideoViewController.swift */,
				1699CCAC21DD984300E2E194 /* VideoCategoryFilterListView.swift */,
				1699CCAE21DDB76E00E2E194 /* LoginView.swift */,
				1699CCAA21DD961B00E2E194 /* Extensions.swift */,
				1601759E21DA93A100015B4A /* Main.storyboard */,
				160175A321DA93A300015B4A /* LaunchScreen.storyboard */,
				160175A121DA93A300015B4A /* Assets.xcassets */,
				160175A621DA93A300015B4A /* Info.plist */,
				1699CCA721DD8C2900E2E194 /* .gitignore */,
			);
			path = "reflect-demo";
			sourceTree = "<group>";
		};
		1699CCB421DDFEC400E2E194 /* MDNS */ = {
			isa = PBXGroup;
			children = (
				1699CCB021DDFEB200E2E194 /* MDNSBrowser.swift */,
				1699CCB121DDFEB200E2E194 /* MDNSService.swift */,
			);
			path = MDNS;
			sourceTree = "<group>";
		};
		1699CCB521DDFEF000E2E194 /* Cells */ = {
			isa = PBXGroup;
			children = (
				160175AC21DA99E800015B4A /* CategoryCell.swift */,
				1644C46321DAC5E000E9DE65 /* VideoCell.swift */,
			);
			path = Cells;
			sourceTree = "<group>";
		};
/* End PBXGroup section */

/* Begin PBXNativeTarget section */
		1601759621DA93A100015B4A /* reflect-demo */ = {
			isa = PBXNativeTarget;
			buildConfigurationList = 160175A921DA93A300015B4A /* Build configuration list for PBXNativeTarget "reflect-demo" */;
			buildPhases = (
				1601759321DA93A100015B4A /* Sources */,
				1601759421DA93A100015B4A /* Frameworks */,
				1601759521DA93A100015B4A /* Resources */,
			);
			buildRules = (
			);
			dependencies = (
			);
			name = "reflect-demo";
			productName = "mirror-workout-demo";
			productReference = 1601759721DA93A100015B4A /* reflect-demo.app */;
			productType = "com.apple.product-type.application";
		};
/* End PBXNativeTarget section */

/* Begin PBXProject section */
		1601758F21DA93A100015B4A /* Project object */ = {
			isa = PBXProject;
			attributes = {
				LastSwiftUpdateCheck = 1010;
				LastUpgradeCheck = 1010;
				ORGANIZATIONNAME = "Jacob Caraballo";
				TargetAttributes = {
					1601759621DA93A100015B4A = {
						CreatedOnToolsVersion = 10.1;
					};
				};
			};
			buildConfigurationList = 1601759221DA93A100015B4A /* Build configuration list for PBXProject "reflect-demo" */;
			compatibilityVersion = "Xcode 9.3";
			developmentRegion = en;
			hasScannedForEncodings = 0;
			knownRegions = (
				en,
				Base,
			);
			mainGroup = 1601758E21DA93A100015B4A;
			productRefGroup = 1601759821DA93A100015B4A /* Products */;
			projectDirPath = "";
			projectRoot = "";
			targets = (
				1601759621DA93A100015B4A /* reflect-demo */,
			);
		};
/* End PBXProject section */

/* Begin PBXResourcesBuildPhase section */
		1601759521DA93A100015B4A /* Resources */ = {
			isa = PBXResourcesBuildPhase;
			buildActionMask = 2147483647;
			files = (
				1699CCA821DD8C2A00E2E194 /* .gitignore in Resources */,
				160175A521DA93A300015B4A /* LaunchScreen.storyboard in Resources */,
				160175A221DA93A300015B4A /* Assets.xcassets in Resources */,
				160175A021DA93A100015B4A /* Main.storyboard in Resources */,
			);
			runOnlyForDeploymentPostprocessing = 0;
		};
/* End PBXResourcesBuildPhase section */

/* Begin PBXSourcesBuildPhase section */
		1601759321DA93A100015B4A /* Sources */ = {
			isa = PBXSourcesBuildPhase;
			buildActionMask = 2147483647;
			files = (
				1644C46421DAC5E000E9DE65 /* VideoCell.swift in Sources */,
				1699CCB221DDFEB200E2E194 /* MDNSBrowser.swift in Sources */,
				1699CCAB21DD961B00E2E194 /* Extensions.swift in Sources */,
				1699CCB321DDFEB200E2E194 /* MDNSService.swift in Sources */,
				1699CCAD21DD984300E2E194 /* VideoCategoryFilterListView.swift in Sources */,
				1601759D21DA93A100015B4A /* ViewController.swift in Sources */,
				165AA4E421E04E6A003681F7 /* KeyboardService.swift in Sources */,
				1601759B21DA93A100015B4A /* AppDelegate.swift in Sources */,
				165AA4E121E00201003681F7 /* Video.swift in Sources */,
				1644C46221DAC45600E9DE65 /* VideoViewController.swift in Sources */,
				1699CCAF21DDB76E00E2E194 /* LoginView.swift in Sources */,
				160175AD21DA99E800015B4A /* CategoryCell.swift in Sources */,
			);
			runOnlyForDeploymentPostprocessing = 0;
		};
/* End PBXSourcesBuildPhase section */

/* Begin PBXVariantGroup section */
		1601759E21DA93A100015B4A /* Main.storyboard */ = {
			isa = PBXVariantGroup;
			children = (
				1601759F21DA93A100015B4A /* Base */,
			);
			name = Main.storyboard;
			sourceTree = "<group>";
		};
		160175A321DA93A300015B4A /* LaunchScreen.storyboard */ = {
			isa = PBXVariantGroup;
			children = (
				160175A421DA93A300015B4A /* Base */,
			);
			name = LaunchScreen.storyboard;
			sourceTree = "<group>";
		};
/* End PBXVariantGroup section */

/* Begin XCBuildConfiguration section */
		160175A721DA93A300015B4A /* Debug */ = {
			isa = XCBuildConfiguration;
			buildSettings = {
				ALWAYS_SEARCH_USER_PATHS = NO;
				CLANG_ANALYZER_NONNULL = YES;
				CLANG_ANALYZER_NUMBER_OBJECT_CONVERSION = YES_AGGRESSIVE;
				CLANG_CXX_LANGUAGE_STANDARD = "gnu++14";
				CLANG_CXX_LIBRARY = "libc++";
				CLANG_ENABLE_MODULES = YES;
				CLANG_ENABLE_OBJC_ARC = YES;
				CLANG_ENABLE_OBJC_WEAK = YES;
				CLANG_WARN_BLOCK_CAPTURE_AUTORELEASING = YES;
				CLANG_WARN_BOOL_CONVERSION = YES;
				CLANG_WARN_COMMA = YES;
				CLANG_WARN_CONSTANT_CONVERSION = YES;
				CLANG_WARN_DEPRECATED_OBJC_IMPLEMENTATIONS = YES;
				CLANG_WARN_DIRECT_OBJC_ISA_USAGE = YES_ERROR;
				CLANG_WARN_DOCUMENTATION_COMMENTS = YES;
				CLANG_WARN_EMPTY_BODY = YES;
				CLANG_WARN_ENUM_CONVERSION = YES;
				CLANG_WARN_INFINITE_RECURSION = YES;
				CLANG_WARN_INT_CONVERSION = YES;
				CLANG_WARN_NON_LITERAL_NULL_CONVERSION = YES;
				CLANG_WARN_OBJC_IMPLICIT_RETAIN_SELF = YES;
				CLANG_WARN_OBJC_LITERAL_CONVERSION = YES;
				CLANG_WARN_OBJC_ROOT_CLASS = YES_ERROR;
				CLANG_WARN_RANGE_LOOP_ANALYSIS = YES;
				CLANG_WARN_STRICT_PROTOTYPES = YES;
				CLANG_WARN_SUSPICIOUS_MOVE = YES;
				CLANG_WARN_UNGUARDED_AVAILABILITY = YES_AGGRESSIVE;
				CLANG_WARN_UNREACHABLE_CODE = YES;
				CLANG_WARN__DUPLICATE_METHOD_MATCH = YES;
				CODE_SIGN_IDENTITY = "iPhone Developer";
				COPY_PHASE_STRIP = NO;
				DEBUG_INFORMATION_FORMAT = dwarf;
				ENABLE_STRICT_OBJC_MSGSEND = YES;
				ENABLE_TESTABILITY = YES;
				GCC_C_LANGUAGE_STANDARD = gnu11;
				GCC_DYNAMIC_NO_PIC = NO;
				GCC_NO_COMMON_BLOCKS = YES;
				GCC_OPTIMIZATION_LEVEL = 0;
				GCC_PREPROCESSOR_DEFINITIONS = (
					"DEBUG=1",
					"$(inherited)",
				);
				GCC_WARN_64_TO_32_BIT_CONVERSION = YES;
				GCC_WARN_ABOUT_RETURN_TYPE = YES_ERROR;
				GCC_WARN_UNDECLARED_SELECTOR = YES;
				GCC_WARN_UNINITIALIZED_AUTOS = YES_AGGRESSIVE;
				GCC_WARN_UNUSED_FUNCTION = YES;
				GCC_WARN_UNUSED_VARIABLE = YES;
				IPHONEOS_DEPLOYMENT_TARGET = 12.1;
				MTL_ENABLE_DEBUG_INFO = INCLUDE_SOURCE;
				MTL_FAST_MATH = YES;
				ONLY_ACTIVE_ARCH = YES;
				SDKROOT = iphoneos;
				SWIFT_ACTIVE_COMPILATION_CONDITIONS = DEBUG;
				SWIFT_OPTIMIZATION_LEVEL = "-Onone";
			};
			name = Debug;
		};
		160175A821DA93A300015B4A /* Release */ = {
			isa = XCBuildConfiguration;
			buildSettings = {
				ALWAYS_SEARCH_USER_PATHS = NO;
				CLANG_ANALYZER_NONNULL = YES;
				CLANG_ANALYZER_NUMBER_OBJECT_CONVERSION = YES_AGGRESSIVE;
				CLANG_CXX_LANGUAGE_STANDARD = "gnu++14";
				CLANG_CXX_LIBRARY = "libc++";
				CLANG_ENABLE_MODULES = YES;
				CLANG_ENABLE_OBJC_ARC = YES;
				CLANG_ENABLE_OBJC_WEAK = YES;
				CLANG_WARN_BLOCK_CAPTURE_AUTORELEASING = YES;
				CLANG_WARN_BOOL_CONVERSION = YES;
				CLANG_WARN_COMMA = YES;
				CLANG_WARN_CONSTANT_CONVERSION = YES;
				CLANG_WARN_DEPRECATED_OBJC_IMPLEMENTATIONS = YES;
				CLANG_WARN_DIRECT_OBJC_ISA_USAGE = YES_ERROR;
				CLANG_WARN_DOCUMENTATION_COMMENTS = YES;
				CLANG_WARN_EMPTY_BODY = YES;
				CLANG_WARN_ENUM_CONVERSION = YES;
				CLANG_WARN_INFINITE_RECURSION = YES;
				CLANG_WARN_INT_CONVERSION = YES;
				CLANG_WARN_NON_LITERAL_NULL_CONVERSION = YES;
				CLANG_WARN_OBJC_IMPLICIT_RETAIN_SELF = YES;
				CLANG_WARN_OBJC_LITERAL_CONVERSION = YES;
				CLANG_WARN_OBJC_ROOT_CLASS = YES_ERROR;
				CLANG_WARN_RANGE_LOOP_ANALYSIS = YES;
				CLANG_WARN_STRICT_PROTOTYPES = YES;
				CLANG_WARN_SUSPICIOUS_MOVE = YES;
				CLANG_WARN_UNGUARDED_AVAILABILITY = YES_AGGRESSIVE;
				CLANG_WARN_UNREACHABLE_CODE = YES;
				CLANG_WARN__DUPLICATE_METHOD_MATCH = YES;
				CODE_SIGN_IDENTITY = "iPhone Developer";
				COPY_PHASE_STRIP = NO;
				DEBUG_INFORMATION_FORMAT = "dwarf-with-dsym";
				ENABLE_NS_ASSERTIONS = NO;
				ENABLE_STRICT_OBJC_MSGSEND = YES;
				GCC_C_LANGUAGE_STANDARD = gnu11;
				GCC_NO_COMMON_BLOCKS = YES;
				GCC_WARN_64_TO_32_BIT_CONVERSION = YES;
				GCC_WARN_ABOUT_RETURN_TYPE = YES_ERROR;
				GCC_WARN_UNDECLARED_SELECTOR = YES;
				GCC_WARN_UNINITIALIZED_AUTOS = YES_AGGRESSIVE;
				GCC_WARN_UNUSED_FUNCTION = YES;
				GCC_WARN_UNUSED_VARIABLE = YES;
				IPHONEOS_DEPLOYMENT_TARGET = 12.1;
				MTL_ENABLE_DEBUG_INFO = NO;
				MTL_FAST_MATH = YES;
				SDKROOT = iphoneos;
				SWIFT_COMPILATION_MODE = wholemodule;
				SWIFT_OPTIMIZATION_LEVEL = "-O";
				VALIDATE_PRODUCT = YES;
			};
			name = Release;
		};
		160175AA21DA93A300015B4A /* Debug */ = {
			isa = XCBuildConfiguration;
			buildSettings = {
				ASSETCATALOG_COMPILER_APPICON_NAME = AppIcon;
				CODE_SIGN_STYLE = Automatic;
				DEVELOPMENT_TEAM = 8LP4UG5E74;
				INFOPLIST_FILE = "$(SRCROOT)/reflect-demo/Info.plist";
				LD_RUNPATH_SEARCH_PATHS = (
					"$(inherited)",
					"@executable_path/Frameworks",
				);
				PRODUCT_BUNDLE_IDENTIFIER = "com.zogo.reflect-demo";
				PRODUCT_NAME = "$(TARGET_NAME)";
				SWIFT_VERSION = 4.2;
				TARGETED_DEVICE_FAMILY = "1,2";
			};
			name = Debug;
		};
		160175AB21DA93A300015B4A /* Release */ = {
			isa = XCBuildConfiguration;
			buildSettings = {
				ASSETCATALOG_COMPILER_APPICON_NAME = AppIcon;
				CODE_SIGN_STYLE = Automatic;
				DEVELOPMENT_TEAM = 8LP4UG5E74;
				INFOPLIST_FILE = "$(SRCROOT)/reflect-demo/Info.plist";
				LD_RUNPATH_SEARCH_PATHS = (
					"$(inherited)",
					"@executable_path/Frameworks",
				);
				PRODUCT_BUNDLE_IDENTIFIER = "com.zogo.reflect-demo";
				PRODUCT_NAME = "$(TARGET_NAME)";
				SWIFT_VERSION = 4.2;
				TARGETED_DEVICE_FAMILY = "1,2";
			};
			name = Release;
		};
/* End XCBuildConfiguration section */

/* Begin XCConfigurationList section */
		1601759221DA93A100015B4A /* Build configuration list for PBXProject "reflect-demo" */ = {
			isa = XCConfigurationList;
			buildConfigurations = (
				160175A721DA93A300015B4A /* Debug */,
				160175A821DA93A300015B4A /* Release */,
			);
			defaultConfigurationIsVisible = 0;
			defaultConfigurationName = Release;
		};
		160175A921DA93A300015B4A /* Build configuration list for PBXNativeTarget "reflect-demo" */ = {
			isa = XCConfigurationList;
			buildConfigurations = (
				160175AA21DA93A300015B4A /* Debug */,
				160175AB21DA93A300015B4A /* Release */,
			);
			defaultConfigurationIsVisible = 0;
			defaultConfigurationName = Release;
		};
/* End XCConfigurationList section */
	};
	rootObject = 1601758F21DA93A100015B4A /* Project object */;
}
